
Microsoft Visual Studio Solution File, Format Version 12.00
Project("{FAE04EC0-301F-11D3-BF4B-00C04F79EFBC}") = "NeatProto", "NeatProto.csproj", "{D4066063-737E-4A20-AEA3-F4552DA2490D}"
EndProject
Global
	GlobalSection(SolutionConfigurationPlatforms) = preSolution
		Debug|Any CPU = Debug|Any CPU
		Release|Any CPU = Release|Any CPU
	EndGlobalSection
	GlobalSection(ProjectConfigurationPlatforms) = postSolution
		{D4066063-737E-4A20-AEA3-F4552DA2490D}.Debug|Any CPU.ActiveCfg = Debug|Any CPU
		{D4066063-737E-4A20-AEA3-F4552DA2490D}.Debug|Any CPU.Build.0 = Debug|Any CPU
		{D4066063-737E-4A20-AEA3-F4552DA2490D}.Release|Any CPU.ActiveCfg = Release|Any CPU
		{D4066063-737E-4A20-AEA3-F4552DA2490D}.Release|Any CPU.Build.0 = Release|Any CPU
	EndGlobalSection
EndGlobal
